
Microsoft Visual Studio Solution File, Format Version 12.00
# Visual Studio 2013
VisualStudioVersion = 12.0.30723.0
MinimumVisualStudioVersion = 10.0.40219.1
Project("{FAE04EC0-301F-11D3-BF4B-00C04F79EFBC}") = "FinancialAnalytics", "FinancialAnalytics\FinancialAnalytics.csproj", "{C8E1964E-4D29-462E-942C-B0584604C714}"
EndProject
Project("{8BC9CEB8-8B4A-11D0-8D11-00A0C91BC942}") = "FinancialAnalytics.Shim", "FinancialAnalytics.Shim\FinancialAnalytics.Shim.vcxproj", "{38CA8DA4-E494-4BC3-A538-71172186FF93}"
	ProjectSection(ProjectDependencies) = postProject
		{8C933633-85D2-4D75-ABD1-8002A8CF9F50} = {8C933633-85D2-4D75-ABD1-8002A8CF9F50}
	EndProjectSection
EndProject
Project("{FAE04EC0-301F-11D3-BF4B-00C04F79EFBC}") = "ManagedAggregator", "ManagedAggregator\ManagedAggregator.csproj", "{8C933633-85D2-4D75-ABD1-8002A8CF9F50}"
EndProject
Project("{FAE04EC0-301F-11D3-BF4B-00C04F79EFBC}") = "FinancialAnalytics.Core", "FinancialAnalytics.Core\FinancialAnalytics.Core.csproj", "{45A82D04-4F1D-4BB9-B550-8D4D33D12315}"
EndProject
Project("{FAE04EC0-301F-11D3-BF4B-00C04F79EFBC}") = "FinancialAnalytics.Resources", "FinancialAnalytics.Resources\FinancialAnalytics.Resources.csproj", "{24A26239-7E87-47A0-A797-E336F21987D4}"
EndProject
Project("{FAE04EC0-301F-11D3-BF4B-00C04F79EFBC}") = "FinancialAnalytics.Utils", "FinancialAnalytics.Utils\FinancialAnalytics.Utils.csproj", "{CFC86B3A-D23E-4663-842E-91141ED5807C}"
EndProject
Project("{FAE04EC0-301F-11D3-BF4B-00C04F79EFBC}") = "FinancialAnalytics.Views", "FinancialAnalytics.Views\FinancialAnalytics.Views.csproj", "{84483759-7630-4207-957C-40C9CBCBC8BF}"
EndProject
Project("{2150E333-8FDC-42A3-9474-1A3956D46DE8}") = "Wrappers", "Wrappers", "{5A9F4D34-9E8F-485A-B774-9096432A342C}"
EndProject
Project("{FAE04EC0-301F-11D3-BF4B-00C04F79EFBC}") = "FinancialAnalytics.DataFacades", "FinancialAnalytics.DataFacades\FinancialAnalytics.DataFacades.csproj", "{E4A57F34-4B63-4E97-962D-060D39A5D7DF}"
EndProject
Project("{2150E333-8FDC-42A3-9474-1A3956D46DE8}") = "Authentication", "Authentication", "{6A15A2C6-BECA-4372-8D5F-EFAC7BAEB08E}"
EndProject
Project("{FAE04EC0-301F-11D3-BF4B-00C04F79EFBC}") = "FinancialAnalytics.Wrappers.Excel", "FinancialAnalytics.Wrappers.Excel\FinancialAnalytics.Wrappers.Excel.csproj", "{9F3D09A1-A4D0-4280-B4CB-261E052D9C52}"
EndProject
Project("{FAE04EC0-301F-11D3-BF4B-00C04F79EFBC}") = "FinancialAnalytics.Wrappers.Office", "FinancialAnalytics.Wrappers.Office\FinancialAnalytics.Wrappers.Office.csproj", "{8B3C5200-43EB-4658-8C20-FDA7B8CAE223}"
EndProject
Project("{FAE04EC0-301F-11D3-BF4B-00C04F79EFBC}") = "FinancialAnalytics.Wrappers.Vbe", "FinancialAnalytics.Wrappers.Vbe\FinancialAnalytics.Wrappers.Vbe.csproj", "{95B6E0B3-ABB5-4F0D-A812-114BA29631E5}"
EndProject
Project("{FAE04EC0-301F-11D3-BF4B-00C04F79EFBC}") = "FinancialAnalytics.Presentation", "FinancialAnalytics.Presentation\FinancialAnalytics.Presentation.csproj", "{FCDBAF2A-DD12-4BEB-AE74-D5969E5CC540}"
EndProject
Project("{FAE04EC0-301F-11D3-BF4B-00C04F79EFBC}") = "FinancialAnalytics.AuthenticationClient", "FinancialAnalytics.AuthenticationClient\FinancialAnalytics.AuthenticationClient.csproj", "{78843032-4242-41DC-96DC-E8BF7B320383}"
EndProject
Project("{2150E333-8FDC-42A3-9474-1A3956D46DE8}") = "Formulas", "Formulas", "{6E2FEDDE-780E-457B-878F-1330DEE1DE3A}"
EndProject
Project("{FAE04EC0-301F-11D3-BF4B-00C04F79EFBC}") = "FinancialAnalytics.Formulas", "FinancialAnalytics.Formulas\FinancialAnalytics.Formulas.csproj", "{0462F0F3-47CC-48AF-A639-08D71FD7491A}"
EndProject
Project("{8BC9CEB8-8B4A-11D0-8D11-00A0C91BC942}") = "FinancialAnalytics.Formulas.Shim", "FinancialAnalytics.Formulas.Shim\FinancialAnalytics.Formulas.Shim.vcxproj", "{13CE201A-BBDB-4991-80B3-156773C518E8}"
EndProject
Project("{FAE04EC0-301F-11D3-BF4B-00C04F79EFBC}") = "FormulasManagedAggregator", "FormulasManagedAggregator\FormulasManagedAggregator.csproj", "{0013E188-B929-4423-80F5-534CB75DA16E}"
EndProject
Global
	GlobalSection(SolutionConfigurationPlatforms) = preSolution
		Debug|Any CPU = Debug|Any CPU
		Debug|Mixed Platforms = Debug|Mixed Platforms
		Debug|Win32 = Debug|Win32
		Debug|x64 = Debug|x64
		Debug|x86 = Debug|x86
		Release|Any CPU = Release|Any CPU
		Release|Mixed Platforms = Release|Mixed Platforms
		Release|Win32 = Release|Win32
		Release|x64 = Release|x64
		Release|x86 = Release|x86
		Release64|Any CPU = Release64|Any CPU
		Release64|Mixed Platforms = Release64|Mixed Platforms
		Release64|Win32 = Release64|Win32
		Release64|x64 = Release64|x64
		Release64|x86 = Release64|x86
	EndGlobalSection
	GlobalSection(ProjectConfigurationPlatforms) = postSolution
		{C8E1964E-4D29-462E-942C-B0584604C714}.Debug|Any CPU.ActiveCfg = Debug|Any CPU
		{C8E1964E-4D29-462E-942C-B0584604C714}.Debug|Any CPU.Build.0 = Debug|Any CPU
		{C8E1964E-4D29-462E-942C-B0584604C714}.Debug|Mixed Platforms.ActiveCfg = Debug|Any CPU
		{C8E1964E-4D29-462E-942C-B0584604C714}.Debug|Mixed Platforms.Build.0 = Debug|Any CPU
		{C8E1964E-4D29-462E-942C-B0584604C714}.Debug|Win32.ActiveCfg = Debug|Any CPU
		{C8E1964E-4D29-462E-942C-B0584604C714}.Debug|x64.ActiveCfg = Debug|Any CPU
		{C8E1964E-4D29-462E-942C-B0584604C714}.Debug|x86.ActiveCfg = Debug|Any CPU
		{C8E1964E-4D29-462E-942C-B0584604C714}.Debug|x86.Build.0 = Debug|Any CPU
		{C8E1964E-4D29-462E-942C-B0584604C714}.Release|Any CPU.ActiveCfg = Release|Any CPU
		{C8E1964E-4D29-462E-942C-B0584604C714}.Release|Any CPU.Build.0 = Release|Any CPU
		{C8E1964E-4D29-462E-942C-B0584604C714}.Release|Mixed Platforms.ActiveCfg = Release|Any CPU
		{C8E1964E-4D29-462E-942C-B0584604C714}.Release|Mixed Platforms.Build.0 = Release|Any CPU
		{C8E1964E-4D29-462E-942C-B0584604C714}.Release|Win32.ActiveCfg = Release|Any CPU
		{C8E1964E-4D29-462E-942C-B0584604C714}.Release|x64.ActiveCfg = Release|Any CPU
		{C8E1964E-4D29-462E-942C-B0584604C714}.Release|x86.ActiveCfg = Release|Any CPU
		{C8E1964E-4D29-462E-942C-B0584604C714}.Release64|Any CPU.ActiveCfg = Release64|Any CPU
		{C8E1964E-4D29-462E-942C-B0584604C714}.Release64|Any CPU.Build.0 = Release64|Any CPU
		{C8E1964E-4D29-462E-942C-B0584604C714}.Release64|Mixed Platforms.ActiveCfg = Release64|Any CPU
		{C8E1964E-4D29-462E-942C-B0584604C714}.Release64|Mixed Platforms.Build.0 = Release64|Any CPU
		{C8E1964E-4D29-462E-942C-B0584604C714}.Release64|Win32.ActiveCfg = Release64|Any CPU
		{C8E1964E-4D29-462E-942C-B0584604C714}.Release64|x64.ActiveCfg = Release64|Any CPU
		{C8E1964E-4D29-462E-942C-B0584604C714}.Release64|x86.ActiveCfg = Release64|Any CPU
		{38CA8DA4-E494-4BC3-A538-71172186FF93}.Debug|Any CPU.ActiveCfg = Debug|Win32
		{38CA8DA4-E494-4BC3-A538-71172186FF93}.Debug|Any CPU.Build.0 = Debug|Win32
		{38CA8DA4-E494-4BC3-A538-71172186FF93}.Debug|Mixed Platforms.ActiveCfg = Debug|Win32
		{38CA8DA4-E494-4BC3-A538-71172186FF93}.Debug|Mixed Platforms.Build.0 = Debug|Win32
		{38CA8DA4-E494-4BC3-A538-71172186FF93}.Debug|Win32.ActiveCfg = Debug|Win32
		{38CA8DA4-E494-4BC3-A538-71172186FF93}.Debug|Win32.Build.0 = Debug|Win32
		{38CA8DA4-E494-4BC3-A538-71172186FF93}.Debug|x64.ActiveCfg = Debug|Win32
		{38CA8DA4-E494-4BC3-A538-71172186FF93}.Debug|x86.ActiveCfg = Debug|Win32
		{38CA8DA4-E494-4BC3-A538-71172186FF93}.Debug|x86.Build.0 = Debug|Win32
		{38CA8DA4-E494-4BC3-A538-71172186FF93}.Release|Any CPU.ActiveCfg = Release|Win32
		{38CA8DA4-E494-4BC3-A538-71172186FF93}.Release|Any CPU.Build.0 = Release|Win32
		{38CA8DA4-E494-4BC3-A538-71172186FF93}.Release|Mixed Platforms.ActiveCfg = Release|Win32
		{38CA8DA4-E494-4BC3-A538-71172186FF93}.Release|Mixed Platforms.Build.0 = Release|Win32
		{38CA8DA4-E494-4BC3-A538-71172186FF93}.Release|Win32.ActiveCfg = Release|Win32
		{38CA8DA4-E494-4BC3-A538-71172186FF93}.Release|Win32.Build.0 = Release|Win32
		{38CA8DA4-E494-4BC3-A538-71172186FF93}.Release|x64.ActiveCfg = Release|Win32
		{38CA8DA4-E494-4BC3-A538-71172186FF93}.Release|x86.ActiveCfg = Release|Win32
		{38CA8DA4-E494-4BC3-A538-71172186FF93}.Release|x86.Build.0 = Release|Win32
		{38CA8DA4-E494-4BC3-A538-71172186FF93}.Release64|Any CPU.ActiveCfg = Release64|x64
		{38CA8DA4-E494-4BC3-A538-71172186FF93}.Release64|Any CPU.Build.0 = Release64|x64
		{38CA8DA4-E494-4BC3-A538-71172186FF93}.Release64|Mixed Platforms.ActiveCfg = Release64|Win32
		{38CA8DA4-E494-4BC3-A538-71172186FF93}.Release64|Mixed Platforms.Build.0 = Release64|Win32
		{38CA8DA4-E494-4BC3-A538-71172186FF93}.Release64|Win32.ActiveCfg = Release64|Win32
		{38CA8DA4-E494-4BC3-A538-71172186FF93}.Release64|x64.ActiveCfg = Release64|Win32
		{38CA8DA4-E494-4BC3-A538-71172186FF93}.Release64|x86.ActiveCfg = Release64|Win32
		{38CA8DA4-E494-4BC3-A538-71172186FF93}.Release64|x86.Build.0 = Release64|Win32
		{8C933633-85D2-4D75-ABD1-8002A8CF9F50}.Debug|Any CPU.ActiveCfg = Debug|Any CPU
		{8C933633-85D2-4D75-ABD1-8002A8CF9F50}.Debug|Any CPU.Build.0 = Debug|Any CPU
		{8C933633-85D2-4D75-ABD1-8002A8CF9F50}.Debug|Mixed Platforms.ActiveCfg = Debug|Any CPU
		{8C933633-85D2-4D75-ABD1-8002A8CF9F50}.Debug|Mixed Platforms.Build.0 = Debug|Any CPU
		{8C933633-85D2-4D75-ABD1-8002A8CF9F50}.Debug|Win32.ActiveCfg = Debug|Any CPU
		{8C933633-85D2-4D75-ABD1-8002A8CF9F50}.Debug|x64.ActiveCfg = Debug|Any CPU
		{8C933633-85D2-4D75-ABD1-8002A8CF9F50}.Debug|x86.ActiveCfg = Debug|Any CPU
		{8C933633-85D2-4D75-ABD1-8002A8CF9F50}.Debug|x86.Build.0 = Debug|Any CPU
		{8C933633-85D2-4D75-ABD1-8002A8CF9F50}.Release|Any CPU.ActiveCfg = Release|Any CPU
		{8C933633-85D2-4D75-ABD1-8002A8CF9F50}.Release|Any CPU.Build.0 = Release|Any CPU
		{8C933633-85D2-4D75-ABD1-8002A8CF9F50}.Release|Mixed Platforms.ActiveCfg = Release|Any CPU
		{8C933633-85D2-4D75-ABD1-8002A8CF9F50}.Release|Mixed Platforms.Build.0 = Release|Any CPU
		{8C933633-85D2-4D75-ABD1-8002A8CF9F50}.Release|Win32.ActiveCfg = Release|Any CPU
		{8C933633-85D2-4D75-ABD1-8002A8CF9F50}.Release|x64.ActiveCfg = Release|Any CPU
		{8C933633-85D2-4D75-ABD1-8002A8CF9F50}.Release|x86.ActiveCfg = Release|Any CPU
		{8C933633-85D2-4D75-ABD1-8002A8CF9F50}.Release64|Any CPU.ActiveCfg = Release64|Any CPU
		{8C933633-85D2-4D75-ABD1-8002A8CF9F50}.Release64|Any CPU.Build.0 = Release64|Any CPU
		{8C933633-85D2-4D75-ABD1-8002A8CF9F50}.Release64|Mixed Platforms.ActiveCfg = Release64|Any CPU
		{8C933633-85D2-4D75-ABD1-8002A8CF9F50}.Release64|Mixed Platforms.Build.0 = Release64|Any CPU
		{8C933633-85D2-4D75-ABD1-8002A8CF9F50}.Release64|Win32.ActiveCfg = Release64|Any CPU
		{8C933633-85D2-4D75-ABD1-8002A8CF9F50}.Release64|x64.ActiveCfg = Release64|Any CPU
		{8C933633-85D2-4D75-ABD1-8002A8CF9F50}.Release64|x86.ActiveCfg = Release64|Any CPU
		{45A82D04-4F1D-4BB9-B550-8D4D33D12315}.Debug|Any CPU.ActiveCfg = Debug|Any CPU
		{45A82D04-4F1D-4BB9-B550-8D4D33D12315}.Debug|Any CPU.Build.0 = Debug|Any CPU
		{45A82D04-4F1D-4BB9-B550-8D4D33D12315}.Debug|Mixed Platforms.ActiveCfg = Debug|Any CPU
		{45A82D04-4F1D-4BB9-B550-8D4D33D12315}.Debug|Mixed Platforms.Build.0 = Debug|Any CPU
		{45A82D04-4F1D-4BB9-B550-8D4D33D12315}.Debug|Win32.ActiveCfg = Debug|Any CPU
		{45A82D04-4F1D-4BB9-B550-8D4D33D12315}.Debug|x64.ActiveCfg = Debug|Any CPU
		{45A82D04-4F1D-4BB9-B550-8D4D33D12315}.Debug|x86.ActiveCfg = Debug|Any CPU
		{45A82D04-4F1D-4BB9-B550-8D4D33D12315}.Debug|x86.Build.0 = Debug|Any CPU
		{45A82D04-4F1D-4BB9-B550-8D4D33D12315}.Release|Any CPU.ActiveCfg = Release|Any CPU
		{45A82D04-4F1D-4BB9-B550-8D4D33D12315}.Release|Any CPU.Build.0 = Release|Any CPU
		{45A82D04-4F1D-4BB9-B550-8D4D33D12315}.Release|Mixed Platforms.ActiveCfg = Release|Any CPU
		{45A82D04-4F1D-4BB9-B550-8D4D33D12315}.Release|Mixed Platforms.Build.0 = Release|Any CPU
		{45A82D04-4F1D-4BB9-B550-8D4D33D12315}.Release|Win32.ActiveCfg = Release|Any CPU
		{45A82D04-4F1D-4BB9-B550-8D4D33D12315}.Release|x64.ActiveCfg = Release|Any CPU
		{45A82D04-4F1D-4BB9-B550-8D4D33D12315}.Release|x86.ActiveCfg = Release|Any CPU
		{45A82D04-4F1D-4BB9-B550-8D4D33D12315}.Release64|Any CPU.ActiveCfg = Release64|Any CPU
		{45A82D04-4F1D-4BB9-B550-8D4D33D12315}.Release64|Any CPU.Build.0 = Release64|Any CPU
		{45A82D04-4F1D-4BB9-B550-8D4D33D12315}.Release64|Mixed Platforms.ActiveCfg = Release64|Any CPU
		{45A82D04-4F1D-4BB9-B550-8D4D33D12315}.Release64|Mixed Platforms.Build.0 = Release64|Any CPU
		{45A82D04-4F1D-4BB9-B550-8D4D33D12315}.Release64|Win32.ActiveCfg = Release64|Any CPU
		{45A82D04-4F1D-4BB9-B550-8D4D33D12315}.Release64|x64.ActiveCfg = Release64|Any CPU
		{45A82D04-4F1D-4BB9-B550-8D4D33D12315}.Release64|x86.ActiveCfg = Release64|Any CPU
		{24A26239-7E87-47A0-A797-E336F21987D4}.Debug|Any CPU.ActiveCfg = Debug|Any CPU
		{24A26239-7E87-47A0-A797-E336F21987D4}.Debug|Any CPU.Build.0 = Debug|Any CPU
		{24A26239-7E87-47A0-A797-E336F21987D4}.Debug|Mixed Platforms.ActiveCfg = Debug|Any CPU
		{24A26239-7E87-47A0-A797-E336F21987D4}.Debug|Mixed Platforms.Build.0 = Debug|Any CPU
		{24A26239-7E87-47A0-A797-E336F21987D4}.Debug|Win32.ActiveCfg = Debug|Any CPU
		{24A26239-7E87-47A0-A797-E336F21987D4}.Debug|x64.ActiveCfg = Debug|Any CPU
		{24A26239-7E87-47A0-A797-E336F21987D4}.Debug|x86.ActiveCfg = Debug|Any CPU
		{24A26239-7E87-47A0-A797-E336F21987D4}.Debug|x86.Build.0 = Debug|Any CPU
		{24A26239-7E87-47A0-A797-E336F21987D4}.Release|Any CPU.ActiveCfg = Release|Any CPU
		{24A26239-7E87-47A0-A797-E336F21987D4}.Release|Any CPU.Build.0 = Release|Any CPU
		{24A26239-7E87-47A0-A797-E336F21987D4}.Release|Mixed Platforms.ActiveCfg = Release|Any CPU
		{24A26239-7E87-47A0-A797-E336F21987D4}.Release|Mixed Platforms.Build.0 = Release|Any CPU
		{24A26239-7E87-47A0-A797-E336F21987D4}.Release|Win32.ActiveCfg = Release|Any CPU
		{24A26239-7E87-47A0-A797-E336F21987D4}.Release|x64.ActiveCfg = Release|Any CPU
		{24A26239-7E87-47A0-A797-E336F21987D4}.Release|x86.ActiveCfg = Release|Any CPU
		{24A26239-7E87-47A0-A797-E336F21987D4}.Release64|Any CPU.ActiveCfg = Release64|Any CPU
		{24A26239-7E87-47A0-A797-E336F21987D4}.Release64|Any CPU.Build.0 = Release64|Any CPU
		{24A26239-7E87-47A0-A797-E336F21987D4}.Release64|Mixed Platforms.ActiveCfg = Release64|Any CPU
		{24A26239-7E87-47A0-A797-E336F21987D4}.Release64|Mixed Platforms.Build.0 = Release64|Any CPU
		{24A26239-7E87-47A0-A797-E336F21987D4}.Release64|Win32.ActiveCfg = Release64|Any CPU
		{24A26239-7E87-47A0-A797-E336F21987D4}.Release64|x64.ActiveCfg = Release64|Any CPU
		{24A26239-7E87-47A0-A797-E336F21987D4}.Release64|x86.ActiveCfg = Release64|Any CPU
		{CFC86B3A-D23E-4663-842E-91141ED5807C}.Debug|Any CPU.ActiveCfg = Debug|Any CPU
		{CFC86B3A-D23E-4663-842E-91141ED5807C}.Debug|Any CPU.Build.0 = Debug|Any CPU
		{CFC86B3A-D23E-4663-842E-91141ED5807C}.Debug|Mixed Platforms.ActiveCfg = Debug|Any CPU
		{CFC86B3A-D23E-4663-842E-91141ED5807C}.Debug|Mixed Platforms.Build.0 = Debug|Any CPU
		{CFC86B3A-D23E-4663-842E-91141ED5807C}.Debug|Win32.ActiveCfg = Debug|Any CPU
		{CFC86B3A-D23E-4663-842E-91141ED5807C}.Debug|x64.ActiveCfg = Debug|Any CPU
		{CFC86B3A-D23E-4663-842E-91141ED5807C}.Debug|x86.ActiveCfg = Debug|Any CPU
		{CFC86B3A-D23E-4663-842E-91141ED5807C}.Debug|x86.Build.0 = Debug|Any CPU
		{CFC86B3A-D23E-4663-842E-91141ED5807C}.Release|Any CPU.ActiveCfg = Release|Any CPU
		{CFC86B3A-D23E-4663-842E-91141ED5807C}.Release|Any CPU.Build.0 = Release|Any CPU
		{CFC86B3A-D23E-4663-842E-91141ED5807C}.Release|Mixed Platforms.ActiveCfg = Release|Any CPU
		{CFC86B3A-D23E-4663-842E-91141ED5807C}.Release|Mixed Platforms.Build.0 = Release|Any CPU
		{CFC86B3A-D23E-4663-842E-91141ED5807C}.Release|Win32.ActiveCfg = Release|Any CPU
		{CFC86B3A-D23E-4663-842E-91141ED5807C}.Release|x64.ActiveCfg = Release|Any CPU
		{CFC86B3A-D23E-4663-842E-91141ED5807C}.Release|x86.ActiveCfg = Release|Any CPU
		{CFC86B3A-D23E-4663-842E-91141ED5807C}.Release64|Any CPU.ActiveCfg = Release64|Any CPU
		{CFC86B3A-D23E-4663-842E-91141ED5807C}.Release64|Any CPU.Build.0 = Release64|Any CPU
		{CFC86B3A-D23E-4663-842E-91141ED5807C}.Release64|Mixed Platforms.ActiveCfg = Release64|Any CPU
		{CFC86B3A-D23E-4663-842E-91141ED5807C}.Release64|Mixed Platforms.Build.0 = Release64|Any CPU
		{CFC86B3A-D23E-4663-842E-91141ED5807C}.Release64|Win32.ActiveCfg = Release64|Any CPU
		{CFC86B3A-D23E-4663-842E-91141ED5807C}.Release64|x64.ActiveCfg = Release64|Any CPU
		{CFC86B3A-D23E-4663-842E-91141ED5807C}.Release64|x86.ActiveCfg = Release64|Any CPU
		{84483759-7630-4207-957C-40C9CBCBC8BF}.Debug|Any CPU.ActiveCfg = Debug|Any CPU
		{84483759-7630-4207-957C-40C9CBCBC8BF}.Debug|Any CPU.Build.0 = Debug|Any CPU
		{84483759-7630-4207-957C-40C9CBCBC8BF}.Debug|Mixed Platforms.ActiveCfg = Debug|Any CPU
		{84483759-7630-4207-957C-40C9CBCBC8BF}.Debug|Mixed Platforms.Build.0 = Debug|Any CPU
		{84483759-7630-4207-957C-40C9CBCBC8BF}.Debug|Win32.ActiveCfg = Debug|Any CPU
		{84483759-7630-4207-957C-40C9CBCBC8BF}.Debug|x64.ActiveCfg = Debug|Any CPU
		{84483759-7630-4207-957C-40C9CBCBC8BF}.Debug|x86.ActiveCfg = Debug|Any CPU
		{84483759-7630-4207-957C-40C9CBCBC8BF}.Debug|x86.Build.0 = Debug|Any CPU
		{84483759-7630-4207-957C-40C9CBCBC8BF}.Release|Any CPU.ActiveCfg = Release|Any CPU
		{84483759-7630-4207-957C-40C9CBCBC8BF}.Release|Any CPU.Build.0 = Release|Any CPU
		{84483759-7630-4207-957C-40C9CBCBC8BF}.Release|Mixed Platforms.ActiveCfg = Release|Any CPU
		{84483759-7630-4207-957C-40C9CBCBC8BF}.Release|Mixed Platforms.Build.0 = Release|Any CPU
		{84483759-7630-4207-957C-40C9CBCBC8BF}.Release|Win32.ActiveCfg = Release|Any CPU
		{84483759-7630-4207-957C-40C9CBCBC8BF}.Release|x64.ActiveCfg = Release|Any CPU
		{84483759-7630-4207-957C-40C9CBCBC8BF}.Release|x86.ActiveCfg = Release|Any CPU
		{84483759-7630-4207-957C-40C9CBCBC8BF}.Release64|Any CPU.ActiveCfg = Release64|Any CPU
		{84483759-7630-4207-957C-40C9CBCBC8BF}.Release64|Any CPU.Build.0 = Release64|Any CPU
		{84483759-7630-4207-957C-40C9CBCBC8BF}.Release64|Mixed Platforms.ActiveCfg = Release64|Any CPU
		{84483759-7630-4207-957C-40C9CBCBC8BF}.Release64|Mixed Platforms.Build.0 = Release64|Any CPU
		{84483759-7630-4207-957C-40C9CBCBC8BF}.Release64|Win32.ActiveCfg = Release64|Any CPU
		{84483759-7630-4207-957C-40C9CBCBC8BF}.Release64|x64.ActiveCfg = Release64|Any CPU
		{84483759-7630-4207-957C-40C9CBCBC8BF}.Release64|x86.ActiveCfg = Release64|Any CPU
		{E4A57F34-4B63-4E97-962D-060D39A5D7DF}.Debug|Any CPU.ActiveCfg = Debug|Any CPU
		{E4A57F34-4B63-4E97-962D-060D39A5D7DF}.Debug|Any CPU.Build.0 = Debug|Any CPU
		{E4A57F34-4B63-4E97-962D-060D39A5D7DF}.Debug|Mixed Platforms.ActiveCfg = Debug|Any CPU
		{E4A57F34-4B63-4E97-962D-060D39A5D7DF}.Debug|Mixed Platforms.Build.0 = Debug|Any CPU
		{E4A57F34-4B63-4E97-962D-060D39A5D7DF}.Debug|Win32.ActiveCfg = Debug|Any CPU
		{E4A57F34-4B63-4E97-962D-060D39A5D7DF}.Debug|x64.ActiveCfg = Debug|Any CPU
		{E4A57F34-4B63-4E97-962D-060D39A5D7DF}.Debug|x86.ActiveCfg = Debug|Any CPU
		{E4A57F34-4B63-4E97-962D-060D39A5D7DF}.Debug|x86.Build.0 = Debug|Any CPU
		{E4A57F34-4B63-4E97-962D-060D39A5D7DF}.Release|Any CPU.ActiveCfg = Release|Any CPU
		{E4A57F34-4B63-4E97-962D-060D39A5D7DF}.Release|Any CPU.Build.0 = Release|Any CPU
		{E4A57F34-4B63-4E97-962D-060D39A5D7DF}.Release|Mixed Platforms.ActiveCfg = Release|Any CPU
		{E4A57F34-4B63-4E97-962D-060D39A5D7DF}.Release|Mixed Platforms.Build.0 = Release|Any CPU
		{E4A57F34-4B63-4E97-962D-060D39A5D7DF}.Release|Win32.ActiveCfg = Release|Any CPU
		{E4A57F34-4B63-4E97-962D-060D39A5D7DF}.Release|x64.ActiveCfg = Release|Any CPU
		{E4A57F34-4B63-4E97-962D-060D39A5D7DF}.Release|x86.ActiveCfg = Release|Any CPU
		{E4A57F34-4B63-4E97-962D-060D39A5D7DF}.Release64|Any CPU.ActiveCfg = Release64|Any CPU
		{E4A57F34-4B63-4E97-962D-060D39A5D7DF}.Release64|Any CPU.Build.0 = Release64|Any CPU
		{E4A57F34-4B63-4E97-962D-060D39A5D7DF}.Release64|Mixed Platforms.ActiveCfg = Release64|Any CPU
		{E4A57F34-4B63-4E97-962D-060D39A5D7DF}.Release64|Mixed Platforms.Build.0 = Release64|Any CPU
		{E4A57F34-4B63-4E97-962D-060D39A5D7DF}.Release64|Win32.ActiveCfg = Release64|Any CPU
		{E4A57F34-4B63-4E97-962D-060D39A5D7DF}.Release64|x64.ActiveCfg = Release64|Any CPU
		{E4A57F34-4B63-4E97-962D-060D39A5D7DF}.Release64|x86.ActiveCfg = Release64|Any CPU
		{9F3D09A1-A4D0-4280-B4CB-261E052D9C52}.Debug|Any CPU.ActiveCfg = Debug|Any CPU
		{9F3D09A1-A4D0-4280-B4CB-261E052D9C52}.Debug|Any CPU.Build.0 = Debug|Any CPU
		{9F3D09A1-A4D0-4280-B4CB-261E052D9C52}.Debug|Mixed Platforms.ActiveCfg = Debug|Any CPU
		{9F3D09A1-A4D0-4280-B4CB-261E052D9C52}.Debug|Mixed Platforms.Build.0 = Debug|Any CPU
		{9F3D09A1-A4D0-4280-B4CB-261E052D9C52}.Debug|Win32.ActiveCfg = Debug|Any CPU
		{9F3D09A1-A4D0-4280-B4CB-261E052D9C52}.Debug|x64.ActiveCfg = Debug|Any CPU
		{9F3D09A1-A4D0-4280-B4CB-261E052D9C52}.Debug|x86.ActiveCfg = Debug|Any CPU
		{9F3D09A1-A4D0-4280-B4CB-261E052D9C52}.Debug|x86.Build.0 = Debug|Any CPU
		{9F3D09A1-A4D0-4280-B4CB-261E052D9C52}.Release|Any CPU.ActiveCfg = Release|Any CPU
		{9F3D09A1-A4D0-4280-B4CB-261E052D9C52}.Release|Any CPU.Build.0 = Release|Any CPU
		{9F3D09A1-A4D0-4280-B4CB-261E052D9C52}.Release|Mixed Platforms.ActiveCfg = Release|Any CPU
		{9F3D09A1-A4D0-4280-B4CB-261E052D9C52}.Release|Mixed Platforms.Build.0 = Release|Any CPU
		{9F3D09A1-A4D0-4280-B4CB-261E052D9C52}.Release|Win32.ActiveCfg = Release|Any CPU
		{9F3D09A1-A4D0-4280-B4CB-261E052D9C52}.Release|x64.ActiveCfg = Release|Any CPU
		{9F3D09A1-A4D0-4280-B4CB-261E052D9C52}.Release|x86.ActiveCfg = Release|Any CPU
		{9F3D09A1-A4D0-4280-B4CB-261E052D9C52}.Release64|Any CPU.ActiveCfg = Release64|Any CPU
		{9F3D09A1-A4D0-4280-B4CB-261E052D9C52}.Release64|Any CPU.Build.0 = Release64|Any CPU
		{9F3D09A1-A4D0-4280-B4CB-261E052D9C52}.Release64|Mixed Platforms.ActiveCfg = Release64|Any CPU
		{9F3D09A1-A4D0-4280-B4CB-261E052D9C52}.Release64|Mixed Platforms.Build.0 = Release64|Any CPU
		{9F3D09A1-A4D0-4280-B4CB-261E052D9C52}.Release64|Win32.ActiveCfg = Release64|Any CPU
		{9F3D09A1-A4D0-4280-B4CB-261E052D9C52}.Release64|x64.ActiveCfg = Release64|Any CPU
		{9F3D09A1-A4D0-4280-B4CB-261E052D9C52}.Release64|x86.ActiveCfg = Release64|Any CPU
		{8B3C5200-43EB-4658-8C20-FDA7B8CAE223}.Debug|Any CPU.ActiveCfg = Debug|Any CPU
		{8B3C5200-43EB-4658-8C20-FDA7B8CAE223}.Debug|Any CPU.Build.0 = Debug|Any CPU
		{8B3C5200-43EB-4658-8C20-FDA7B8CAE223}.Debug|Mixed Platforms.ActiveCfg = Debug|Any CPU
		{8B3C5200-43EB-4658-8C20-FDA7B8CAE223}.Debug|Mixed Platforms.Build.0 = Debug|Any CPU
		{8B3C5200-43EB-4658-8C20-FDA7B8CAE223}.Debug|Win32.ActiveCfg = Debug|Any CPU
		{8B3C5200-43EB-4658-8C20-FDA7B8CAE223}.Debug|x64.ActiveCfg = Debug|Any CPU
		{8B3C5200-43EB-4658-8C20-FDA7B8CAE223}.Debug|x86.ActiveCfg = Debug|Any CPU
		{8B3C5200-43EB-4658-8C20-FDA7B8CAE223}.Debug|x86.Build.0 = Debug|Any CPU
		{8B3C5200-43EB-4658-8C20-FDA7B8CAE223}.Release|Any CPU.ActiveCfg = Release|Any CPU
		{8B3C5200-43EB-4658-8C20-FDA7B8CAE223}.Release|Any CPU.Build.0 = Release|Any CPU
		{8B3C5200-43EB-4658-8C20-FDA7B8CAE223}.Release|Mixed Platforms.ActiveCfg = Release|Any CPU
		{8B3C5200-43EB-4658-8C20-FDA7B8CAE223}.Release|Mixed Platforms.Build.0 = Release|Any CPU
		{8B3C5200-43EB-4658-8C20-FDA7B8CAE223}.Release|Win32.ActiveCfg = Release|Any CPU
		{8B3C5200-43EB-4658-8C20-FDA7B8CAE223}.Release|x64.ActiveCfg = Release|Any CPU
		{8B3C5200-43EB-4658-8C20-FDA7B8CAE223}.Release|x86.ActiveCfg = Release|Any CPU
		{8B3C5200-43EB-4658-8C20-FDA7B8CAE223}.Release64|Any CPU.ActiveCfg = Release64|Any CPU
		{8B3C5200-43EB-4658-8C20-FDA7B8CAE223}.Release64|Any CPU.Build.0 = Release64|Any CPU
		{8B3C5200-43EB-4658-8C20-FDA7B8CAE223}.Release64|Mixed Platforms.ActiveCfg = Release64|Any CPU
		{8B3C5200-43EB-4658-8C20-FDA7B8CAE223}.Release64|Mixed Platforms.Build.0 = Release64|Any CPU
		{8B3C5200-43EB-4658-8C20-FDA7B8CAE223}.Release64|Win32.ActiveCfg = Release64|Any CPU
		{8B3C5200-43EB-4658-8C20-FDA7B8CAE223}.Release64|x64.ActiveCfg = Release64|Any CPU
		{8B3C5200-43EB-4658-8C20-FDA7B8CAE223}.Release64|x86.ActiveCfg = Release64|Any CPU
		{95B6E0B3-ABB5-4F0D-A812-114BA29631E5}.Debug|Any CPU.ActiveCfg = Debug|Any CPU
		{95B6E0B3-ABB5-4F0D-A812-114BA29631E5}.Debug|Any CPU.Build.0 = Debug|Any CPU
		{95B6E0B3-ABB5-4F0D-A812-114BA29631E5}.Debug|Mixed Platforms.ActiveCfg = Debug|Any CPU
		{95B6E0B3-ABB5-4F0D-A812-114BA29631E5}.Debug|Mixed Platforms.Build.0 = Debug|Any CPU
		{95B6E0B3-ABB5-4F0D-A812-114BA29631E5}.Debug|Win32.ActiveCfg = Debug|Any CPU
		{95B6E0B3-ABB5-4F0D-A812-114BA29631E5}.Debug|x64.ActiveCfg = Debug|Any CPU
		{95B6E0B3-ABB5-4F0D-A812-114BA29631E5}.Debug|x86.ActiveCfg = Debug|Any CPU
		{95B6E0B3-ABB5-4F0D-A812-114BA29631E5}.Debug|x86.Build.0 = Debug|Any CPU
		{95B6E0B3-ABB5-4F0D-A812-114BA29631E5}.Release|Any CPU.ActiveCfg = Release|Any CPU
		{95B6E0B3-ABB5-4F0D-A812-114BA29631E5}.Release|Any CPU.Build.0 = Release|Any CPU
		{95B6E0B3-ABB5-4F0D-A812-114BA29631E5}.Release|Mixed Platforms.ActiveCfg = Release|Any CPU
		{95B6E0B3-ABB5-4F0D-A812-114BA29631E5}.Release|Mixed Platforms.Build.0 = Release|Any CPU
		{95B6E0B3-ABB5-4F0D-A812-114BA29631E5}.Release|Win32.ActiveCfg = Release|Any CPU
		{95B6E0B3-ABB5-4F0D-A812-114BA29631E5}.Release|x64.ActiveCfg = Release|Any CPU
		{95B6E0B3-ABB5-4F0D-A812-114BA29631E5}.Release|x86.ActiveCfg = Release|Any CPU
		{95B6E0B3-ABB5-4F0D-A812-114BA29631E5}.Release64|Any CPU.ActiveCfg = Release64|Any CPU
		{95B6E0B3-ABB5-4F0D-A812-114BA29631E5}.Release64|Any CPU.Build.0 = Release64|Any CPU
		{95B6E0B3-ABB5-4F0D-A812-114BA29631E5}.Release64|Mixed Platforms.ActiveCfg = Release64|Any CPU
		{95B6E0B3-ABB5-4F0D-A812-114BA29631E5}.Release64|Mixed Platforms.Build.0 = Release64|Any CPU
		{95B6E0B3-ABB5-4F0D-A812-114BA29631E5}.Release64|Win32.ActiveCfg = Release64|Any CPU
		{95B6E0B3-ABB5-4F0D-A812-114BA29631E5}.Release64|x64.ActiveCfg = Release64|Any CPU
		{95B6E0B3-ABB5-4F0D-A812-114BA29631E5}.Release64|x86.ActiveCfg = Release64|Any CPU
		{FCDBAF2A-DD12-4BEB-AE74-D5969E5CC540}.Debug|Any CPU.ActiveCfg = Debug|Any CPU
		{FCDBAF2A-DD12-4BEB-AE74-D5969E5CC540}.Debug|Any CPU.Build.0 = Debug|Any CPU
		{FCDBAF2A-DD12-4BEB-AE74-D5969E5CC540}.Debug|Mixed Platforms.ActiveCfg = Debug|Any CPU
		{FCDBAF2A-DD12-4BEB-AE74-D5969E5CC540}.Debug|Mixed Platforms.Build.0 = Debug|Any CPU
		{FCDBAF2A-DD12-4BEB-AE74-D5969E5CC540}.Debug|Win32.ActiveCfg = Debug|Any CPU
		{FCDBAF2A-DD12-4BEB-AE74-D5969E5CC540}.Debug|x64.ActiveCfg = Debug|Any CPU
		{FCDBAF2A-DD12-4BEB-AE74-D5969E5CC540}.Debug|x86.ActiveCfg = Debug|Any CPU
		{FCDBAF2A-DD12-4BEB-AE74-D5969E5CC540}.Debug|x86.Build.0 = Debug|Any CPU
		{FCDBAF2A-DD12-4BEB-AE74-D5969E5CC540}.Release|Any CPU.ActiveCfg = Release|Any CPU
		{FCDBAF2A-DD12-4BEB-AE74-D5969E5CC540}.Release|Any CPU.Build.0 = Release|Any CPU
		{FCDBAF2A-DD12-4BEB-AE74-D5969E5CC540}.Release|Mixed Platforms.ActiveCfg = Release|Any CPU
		{FCDBAF2A-DD12-4BEB-AE74-D5969E5CC540}.Release|Mixed Platforms.Build.0 = Release|Any CPU
		{FCDBAF2A-DD12-4BEB-AE74-D5969E5CC540}.Release|Win32.ActiveCfg = Release|Any CPU
		{FCDBAF2A-DD12-4BEB-AE74-D5969E5CC540}.Release|x64.ActiveCfg = Release|Any CPU
		{FCDBAF2A-DD12-4BEB-AE74-D5969E5CC540}.Release|x86.ActiveCfg = Release|Any CPU
		{FCDBAF2A-DD12-4BEB-AE74-D5969E5CC540}.Release64|Any CPU.ActiveCfg = Release64|Any CPU
		{FCDBAF2A-DD12-4BEB-AE74-D5969E5CC540}.Release64|Any CPU.Build.0 = Release64|Any CPU
		{FCDBAF2A-DD12-4BEB-AE74-D5969E5CC540}.Release64|Mixed Platforms.ActiveCfg = Release64|Any CPU
		{FCDBAF2A-DD12-4BEB-AE74-D5969E5CC540}.Release64|Mixed Platforms.Build.0 = Release64|Any CPU
		{FCDBAF2A-DD12-4BEB-AE74-D5969E5CC540}.Release64|Win32.ActiveCfg = Release64|Any CPU
		{FCDBAF2A-DD12-4BEB-AE74-D5969E5CC540}.Release64|x64.ActiveCfg = Release64|Any CPU
		{FCDBAF2A-DD12-4BEB-AE74-D5969E5CC540}.Release64|x86.ActiveCfg = Release64|Any CPU
		{78843032-4242-41DC-96DC-E8BF7B320383}.Debug|Any CPU.ActiveCfg = Debug|Any CPU
		{78843032-4242-41DC-96DC-E8BF7B320383}.Debug|Any CPU.Build.0 = Debug|Any CPU
		{78843032-4242-41DC-96DC-E8BF7B320383}.Debug|Mixed Platforms.ActiveCfg = Debug|Any CPU
		{78843032-4242-41DC-96DC-E8BF7B320383}.Debug|Mixed Platforms.Build.0 = Debug|Any CPU
		{78843032-4242-41DC-96DC-E8BF7B320383}.Debug|Win32.ActiveCfg = Debug|Any CPU
		{78843032-4242-41DC-96DC-E8BF7B320383}.Debug|x64.ActiveCfg = Debug|Any CPU
		{78843032-4242-41DC-96DC-E8BF7B320383}.Debug|x86.ActiveCfg = Debug|Any CPU
		{78843032-4242-41DC-96DC-E8BF7B320383}.Debug|x86.Build.0 = Debug|Any CPU
		{78843032-4242-41DC-96DC-E8BF7B320383}.Release|Any CPU.ActiveCfg = Release|Any CPU
		{78843032-4242-41DC-96DC-E8BF7B320383}.Release|Any CPU.Build.0 = Release|Any CPU
		{78843032-4242-41DC-96DC-E8BF7B320383}.Release|Mixed Platforms.ActiveCfg = Release|Any CPU
		{78843032-4242-41DC-96DC-E8BF7B320383}.Release|Mixed Platforms.Build.0 = Release|Any CPU
		{78843032-4242-41DC-96DC-E8BF7B320383}.Release|Win32.ActiveCfg = Release|Any CPU
		{78843032-4242-41DC-96DC-E8BF7B320383}.Release|x64.ActiveCfg = Release|Any CPU
		{78843032-4242-41DC-96DC-E8BF7B320383}.Release|x86.ActiveCfg = Release|Any CPU
		{78843032-4242-41DC-96DC-E8BF7B320383}.Release64|Any CPU.ActiveCfg = Release64|Any CPU
		{78843032-4242-41DC-96DC-E8BF7B320383}.Release64|Any CPU.Build.0 = Release64|Any CPU
		{78843032-4242-41DC-96DC-E8BF7B320383}.Release64|Mixed Platforms.ActiveCfg = Release64|Any CPU
		{78843032-4242-41DC-96DC-E8BF7B320383}.Release64|Mixed Platforms.Build.0 = Release64|Any CPU
		{78843032-4242-41DC-96DC-E8BF7B320383}.Release64|Win32.ActiveCfg = Release64|Any CPU
		{78843032-4242-41DC-96DC-E8BF7B320383}.Release64|x64.ActiveCfg = Release64|Any CPU
		{78843032-4242-41DC-96DC-E8BF7B320383}.Release64|x86.ActiveCfg = Release64|Any CPU
		{0462F0F3-47CC-48AF-A639-08D71FD7491A}.Debug|Any CPU.ActiveCfg = Debug|Any CPU
		{0462F0F3-47CC-48AF-A639-08D71FD7491A}.Debug|Any CPU.Build.0 = Debug|Any CPU
		{0462F0F3-47CC-48AF-A639-08D71FD7491A}.Debug|Mixed Platforms.ActiveCfg = Debug|Any CPU
		{0462F0F3-47CC-48AF-A639-08D71FD7491A}.Debug|Mixed Platforms.Build.0 = Debug|Any CPU
		{0462F0F3-47CC-48AF-A639-08D71FD7491A}.Debug|Win32.ActiveCfg = Debug|Any CPU
		{0462F0F3-47CC-48AF-A639-08D71FD7491A}.Debug|x64.ActiveCfg = Debug|Any CPU
		{0462F0F3-47CC-48AF-A639-08D71FD7491A}.Debug|x86.ActiveCfg = Debug|Any CPU
		{0462F0F3-47CC-48AF-A639-08D71FD7491A}.Debug|x86.Build.0 = Debug|Any CPU
		{0462F0F3-47CC-48AF-A639-08D71FD7491A}.Release|Any CPU.ActiveCfg = Release|Any CPU
		{0462F0F3-47CC-48AF-A639-08D71FD7491A}.Release|Any CPU.Build.0 = Release|Any CPU
		{0462F0F3-47CC-48AF-A639-08D71FD7491A}.Release|Mixed Platforms.ActiveCfg = Release|Any CPU
		{0462F0F3-47CC-48AF-A639-08D71FD7491A}.Release|Mixed Platforms.Build.0 = Release|Any CPU
		{0462F0F3-47CC-48AF-A639-08D71FD7491A}.Release|Win32.ActiveCfg = Release|Any CPU
		{0462F0F3-47CC-48AF-A639-08D71FD7491A}.Release|x64.ActiveCfg = Release|Any CPU
		{0462F0F3-47CC-48AF-A639-08D71FD7491A}.Release|x86.ActiveCfg = Release|Any CPU
		{0462F0F3-47CC-48AF-A639-08D71FD7491A}.Release64|Any CPU.ActiveCfg = Release64|Any CPU
		{0462F0F3-47CC-48AF-A639-08D71FD7491A}.Release64|Any CPU.Build.0 = Release64|Any CPU
		{0462F0F3-47CC-48AF-A639-08D71FD7491A}.Release64|Mixed Platforms.ActiveCfg = Release64|Any CPU
		{0462F0F3-47CC-48AF-A639-08D71FD7491A}.Release64|Mixed Platforms.Build.0 = Release64|Any CPU
		{0462F0F3-47CC-48AF-A639-08D71FD7491A}.Release64|Win32.ActiveCfg = Release64|Any CPU
		{0462F0F3-47CC-48AF-A639-08D71FD7491A}.Release64|x64.ActiveCfg = Release64|Any CPU
		{0462F0F3-47CC-48AF-A639-08D71FD7491A}.Release64|x86.ActiveCfg = Release64|Any CPU
		{13CE201A-BBDB-4991-80B3-156773C518E8}.Debug|Any CPU.ActiveCfg = Debug|Win32
		{13CE201A-BBDB-4991-80B3-156773C518E8}.Debug|Any CPU.Build.0 = Debug|Win32
		{13CE201A-BBDB-4991-80B3-156773C518E8}.Debug|Mixed Platforms.ActiveCfg = Debug|Win32
		{13CE201A-BBDB-4991-80B3-156773C518E8}.Debug|Mixed Platforms.Build.0 = Debug|Win32
		{13CE201A-BBDB-4991-80B3-156773C518E8}.Debug|Win32.ActiveCfg = Debug|Win32
		{13CE201A-BBDB-4991-80B3-156773C518E8}.Debug|Win32.Build.0 = Debug|Win32
		{13CE201A-BBDB-4991-80B3-156773C518E8}.Debug|x64.ActiveCfg = Debug|Win32
		{13CE201A-BBDB-4991-80B3-156773C518E8}.Debug|x86.ActiveCfg = Debug|Win32
		{13CE201A-BBDB-4991-80B3-156773C518E8}.Debug|x86.Build.0 = Debug|Win32
		{13CE201A-BBDB-4991-80B3-156773C518E8}.Release|Any CPU.ActiveCfg = Release|Win32
		{13CE201A-BBDB-4991-80B3-156773C518E8}.Release|Any CPU.Build.0 = Release|Win32
		{13CE201A-BBDB-4991-80B3-156773C518E8}.Release|Mixed Platforms.ActiveCfg = Release|Win32
		{13CE201A-BBDB-4991-80B3-156773C518E8}.Release|Mixed Platforms.Build.0 = Release|Win32
		{13CE201A-BBDB-4991-80B3-156773C518E8}.Release|Win32.ActiveCfg = Release|Win32
		{13CE201A-BBDB-4991-80B3-156773C518E8}.Release|Win32.Build.0 = Release|Win32
		{13CE201A-BBDB-4991-80B3-156773C518E8}.Release|x64.ActiveCfg = Release|Win32
		{13CE201A-BBDB-4991-80B3-156773C518E8}.Release|x86.ActiveCfg = Release|Win32
		{13CE201A-BBDB-4991-80B3-156773C518E8}.Release64|Any CPU.ActiveCfg = Release64|x64
		{13CE201A-BBDB-4991-80B3-156773C518E8}.Release64|Any CPU.Build.0 = Release64|x64
		{13CE201A-BBDB-4991-80B3-156773C518E8}.Release64|Mixed Platforms.ActiveCfg = Release64|Win32
		{13CE201A-BBDB-4991-80B3-156773C518E8}.Release64|Mixed Platforms.Build.0 = Release64|Win32
		{13CE201A-BBDB-4991-80B3-156773C518E8}.Release64|Win32.ActiveCfg = Release64|Win32
		{13CE201A-BBDB-4991-80B3-156773C518E8}.Release64|x64.ActiveCfg = Release64|Win32
		{13CE201A-BBDB-4991-80B3-156773C518E8}.Release64|x86.ActiveCfg = Release64|Win32
		{13CE201A-BBDB-4991-80B3-156773C518E8}.Release64|x86.Build.0 = Release64|Win32
		{0013E188-B929-4423-80F5-534CB75DA16E}.Debug|Any CPU.ActiveCfg = Debug|Any CPU
		{0013E188-B929-4423-80F5-534CB75DA16E}.Debug|Any CPU.Build.0 = Debug|Any CPU
		{0013E188-B929-4423-80F5-534CB75DA16E}.Debug|Mixed Platforms.ActiveCfg = Debug|Any CPU
		{0013E188-B929-4423-80F5-534CB75DA16E}.Debug|Mixed Platforms.Build.0 = Debug|Any CPU
		{0013E188-B929-4423-80F5-534CB75DA16E}.Debug|Win32.ActiveCfg = Debug|Any CPU
		{0013E188-B929-4423-80F5-534CB75DA16E}.Debug|x64.ActiveCfg = Debug|Any CPU
		{0013E188-B929-4423-80F5-534CB75DA16E}.Debug|x86.ActiveCfg = Debug|Any CPU
		{0013E188-B929-4423-80F5-534CB75DA16E}.Debug|x86.Build.0 = Debug|Any CPU
		{0013E188-B929-4423-80F5-534CB75DA16E}.Release|Any CPU.ActiveCfg = Release|Any CPU
		{0013E188-B929-4423-80F5-534CB75DA16E}.Release|Any CPU.Build.0 = Release|Any CPU
		{0013E188-B929-4423-80F5-534CB75DA16E}.Release|Mixed Platforms.ActiveCfg = Release|Any CPU
		{0013E188-B929-4423-80F5-534CB75DA16E}.Release|Mixed Platforms.Build.0 = Release|Any CPU
		{0013E188-B929-4423-80F5-534CB75DA16E}.Release|Win32.ActiveCfg = Release|Any CPU
		{0013E188-B929-4423-80F5-534CB75DA16E}.Release|x64.ActiveCfg = Release|Any CPU
		{0013E188-B929-4423-80F5-534CB75DA16E}.Release|x86.ActiveCfg = Release|Any CPU
		{0013E188-B929-4423-80F5-534CB75DA16E}.Release64|Any CPU.ActiveCfg = Release64|Any CPU
		{0013E188-B929-4423-80F5-534CB75DA16E}.Release64|Any CPU.Build.0 = Release64|Any CPU
		{0013E188-B929-4423-80F5-534CB75DA16E}.Release64|Mixed Platforms.ActiveCfg = Release64|Any CPU
		{0013E188-B929-4423-80F5-534CB75DA16E}.Release64|Mixed Platforms.Build.0 = Release64|Any CPU
		{0013E188-B929-4423-80F5-534CB75DA16E}.Release64|Win32.ActiveCfg = Release64|Any CPU
		{0013E188-B929-4423-80F5-534CB75DA16E}.Release64|x64.ActiveCfg = Release64|Any CPU
		{0013E188-B929-4423-80F5-534CB75DA16E}.Release64|x86.ActiveCfg = Release64|Any CPU
	EndGlobalSection
	GlobalSection(SolutionProperties) = preSolution
		HideSolutionNode = FALSE
	EndGlobalSection
	GlobalSection(NestedProjects) = preSolution
		{9F3D09A1-A4D0-4280-B4CB-261E052D9C52} = {5A9F4D34-9E8F-485A-B774-9096432A342C}
		{8B3C5200-43EB-4658-8C20-FDA7B8CAE223} = {5A9F4D34-9E8F-485A-B774-9096432A342C}
		{95B6E0B3-ABB5-4F0D-A812-114BA29631E5} = {5A9F4D34-9E8F-485A-B774-9096432A342C}
		{78843032-4242-41DC-96DC-E8BF7B320383} = {6A15A2C6-BECA-4372-8D5F-EFAC7BAEB08E}
		{0462F0F3-47CC-48AF-A639-08D71FD7491A} = {6E2FEDDE-780E-457B-878F-1330DEE1DE3A}
		{13CE201A-BBDB-4991-80B3-156773C518E8} = {6E2FEDDE-780E-457B-878F-1330DEE1DE3A}
		{0013E188-B929-4423-80F5-534CB75DA16E} = {6E2FEDDE-780E-457B-878F-1330DEE1DE3A}
	EndGlobalSection
EndGlobal
